
Microsoft Visual Studio Solution File, Format Version 12.00
# Visual Studio Version 17
VisualStudioVersion = 17.3.32825.248
MinimumVisualStudioVersion = 10.0.40219.1
Project("{FAE04EC0-301F-11D3-BF4B-00C04F79EFBC}") = "PN", "PN.csproj", "{13C5E2FD-493A-42E8-A681-CBFD815262FC}"
EndProject
Global
	GlobalSection(SolutionConfigurationPlatforms) = preSolution
		Debug|Any CPU = Debug|Any CPU
		Release|Any CPU = Release|Any CPU
	EndGlobalSection
	GlobalSection(ProjectConfigurationPlatforms) = postSolution
		{13C5E2FD-493A-42E8-A681-CBFD815262FC}.Debug|Any CPU.ActiveCfg = Debug|Any CPU
		{13C5E2FD-493A-42E8-A681-CBFD815262FC}.Debug|Any CPU.Build.0 = Debug|Any CPU
		{13C5E2FD-493A-42E8-A681-CBFD815262FC}.Release|Any CPU.ActiveCfg = Release|Any CPU
		{13C5E2FD-493A-42E8-A681-CBFD815262FC}.Release|Any CPU.Build.0 = Release|Any CPU
	EndGlobalSection
	GlobalSection(SolutionProperties) = preSolution
		HideSolutionNode = FALSE
	EndGlobalSection
	GlobalSection(ExtensibilityGlobals) = postSolution
		SolutionGuid = {490B7033-B1AB-4586-BC3B-113E22589C1D}
	EndGlobalSection
EndGlobal
